
Microsoft Visual Studio Solution File, Format Version 12.00
# Visual Studio Version 17
VisualStudioVersion = 17.8.34511.84
MinimumVisualStudioVersion = 10.0.40219.1
Project("{FAE04EC0-301F-11D3-BF4B-00C04F79EFBC}") = "Examen1", "Examen1\Examen1.csproj", "{045138DC-DC81-4994-B7BA-029A2408D2A0}"
EndProject
Global
	GlobalSection(SolutionConfigurationPlatforms) = preSolution
		Debug|Any CPU = Debug|Any CPU
		Release|Any CPU = Release|Any CPU
	EndGlobalSection
	GlobalSection(ProjectConfigurationPlatforms) = postSolution
		{045138DC-DC81-4994-B7BA-029A2408D2A0}.Debug|Any CPU.ActiveCfg = Debug|Any CPU
		{045138DC-DC81-4994-B7BA-029A2408D2A0}.Debug|Any CPU.Build.0 = Debug|Any CPU
		{045138DC-DC81-4994-B7BA-029A2408D2A0}.Release|Any CPU.ActiveCfg = Release|Any CPU
		{045138DC-DC81-4994-B7BA-029A2408D2A0}.Release|Any CPU.Build.0 = Release|Any CPU
	EndGlobalSection
	GlobalSection(SolutionProperties) = preSolution
		HideSolutionNode = FALSE
	EndGlobalSection
	GlobalSection(ExtensibilityGlobals) = postSolution
		SolutionGuid = {C9533C22-9723-405B-A857-14F07DF0747B}
	EndGlobalSection
EndGlobal
